github.com/aidarkhanov/nanoid/v2 v2.0.5 h1:HLx5RyDuvOZ6YxlhYTxSU8Il+q7xVKmXM62MfSxziN0=
github.com/aidarkhanov/nanoid/v2 v2.0.5/go.mod h1:YF/U48D1yA3AoGGUdRrCV95J/KJBShvR9TyLqQwdtlI=
github.com/h-u-m-a-n/les2lib v1.0.0 h1:gAtcMZsCq5wgEVDvrq2W4H8Q+vxpOPLGxQ6Ef4H4upw=
github.com/h-u-m-a-n/les2lib v1.0.0/go.mod h1:EdV0Gg7gCq9SWVlbN+LgMDF5AOFAb1JsrJsqyhnHDUw=
github.com/h-u-m-a-n/les2lib v1.0.1 h1:aO5xxYoCKTUo8t+yekd+qqCYi5e1f5VpBI5Fb2ctya4=
github.com/h-u-m-a-n/les2lib v1.0.1/go.mod h1:EdV0Gg7gCq9SWVlbN+LgMDF5AOFAb1JsrJsqyhnHDUw=
github.com/h-u-m-a-n/les2lib v1.0.2 h1:aTLSAwvHyVPvIRpRZPrDa0MWA96uIO3DvAiJ+947cbE=
github.com/h-u-m-a-n/les2lib v1.0.2/go.mod h1:myQBUwtoygacAIVQrYhDm9dZugMFTwac711NArl+BbA=
